
Microsoft Visual Studio Solution File, Format Version 12.00
# Visual Studio Version 17
VisualStudioVersion = 17.7.34031.279
MinimumVisualStudioVersion = 10.0.40219.1
Project("{8BC9CEB8-8B4A-11D0-8D11-00A0C91BC942}") = "Demo", "Demo\Demo.vcxproj", "{DB65F4F4-CCA9-4E4E-95E2-4D83179DC8BB}"
EndProject
Project("{8BC9CEB8-8B4A-11D0-8D11-00A0C91BC942}") = "Solver", "Solver\Solver.vcxproj", "{DAA2F93B-60CD-4A43-A89D-E8D6FBF4B52B}"
EndProject
Project("{8BC9CEB8-8B4A-11D0-8D11-00A0C91BC942}") = "Solver.Test", "Solver.Test\Solver.Test.vcxproj", "{E254C0EE-92A2-4AC0-A2C6-0D53BA2569A8}"
EndProject
Global
	GlobalSection(SolutionConfigurationPlatforms) = preSolution
		Debug|x64 = Debug|x64
		Debug|x86 = Debug|x86
		Release|x64 = Release|x64
		Release|x86 = Release|x86
	EndGlobalSection
	GlobalSection(ProjectConfigurationPlatforms) = postSolution
		{DB65F4F4-CCA9-4E4E-95E2-4D83179DC8BB}.Debug|x64.ActiveCfg = Debug|x64
		{DB65F4F4-CCA9-4E4E-95E2-4D83179DC8BB}.Debug|x64.Build.0 = Debug|x64
		{DB65F4F4-CCA9-4E4E-95E2-4D83179DC8BB}.Debug|x86.ActiveCfg = Debug|Win32
		{DB65F4F4-CCA9-4E4E-95E2-4D83179DC8BB}.Debug|x86.Build.0 = Debug|Win32
		{DB65F4F4-CCA9-4E4E-95E2-4D83179DC8BB}.Release|x64.ActiveCfg = Release|x64
		{DB65F4F4-CCA9-4E4E-95E2-4D83179DC8BB}.Release|x64.Build.0 = Release|x64
		{DB65F4F4-CCA9-4E4E-95E2-4D83179DC8BB}.Release|x86.ActiveCfg = Release|Win32
		{DB65F4F4-CCA9-4E4E-95E2-4D83179DC8BB}.Release|x86.Build.0 = Release|Win32
		{DAA2F93B-60CD-4A43-A89D-E8D6FBF4B52B}.Debug|x64.ActiveCfg = Debug|x64
		{DAA2F93B-60CD-4A43-A89D-E8D6FBF4B52B}.Debug|x64.Build.0 = Debug|x64
		{DAA2F93B-60CD-4A43-A89D-E8D6FBF4B52B}.Debug|x86.ActiveCfg = Debug|Win32
		{DAA2F93B-60CD-4A43-A89D-E8D6FBF4B52B}.Debug|x86.Build.0 = Debug|Win32
		{DAA2F93B-60CD-4A43-A89D-E8D6FBF4B52B}.Release|x64.ActiveCfg = Release|x64
		{DAA2F93B-60CD-4A43-A89D-E8D6FBF4B52B}.Release|x64.Build.0 = Release|x64
		{DAA2F93B-60CD-4A43-A89D-E8D6FBF4B52B}.Release|x86.ActiveCfg = Release|Win32
		{DAA2F93B-60CD-4A43-A89D-E8D6FBF4B52B}.Release|x86.Build.0 = Release|Win32
		{E254C0EE-92A2-4AC0-A2C6-0D53BA2569A8}.Debug|x64.ActiveCfg = Debug|x64
		{E254C0EE-92A2-4AC0-A2C6-0D53BA2569A8}.Debug|x64.Build.0 = Debug|x64
		{E254C0EE-92A2-4AC0-A2C6-0D53BA2569A8}.Debug|x86.ActiveCfg = Debug|Win32
		{E254C0EE-92A2-4AC0-A2C6-0D53BA2569A8}.Debug|x86.Build.0 = Debug|Win32
		{E254C0EE-92A2-4AC0-A2C6-0D53BA2569A8}.Release|x64.ActiveCfg = Release|x64
		{E254C0EE-92A2-4AC0-A2C6-0D53BA2569A8}.Release|x64.Build.0 = Release|x64
		{E254C0EE-92A2-4AC0-A2C6-0D53BA2569A8}.Release|x86.ActiveCfg = Release|Win32
		{E254C0EE-92A2-4AC0-A2C6-0D53BA2569A8}.Release|x86.Build.0 = Release|Win32
	EndGlobalSection
	GlobalSection(SolutionProperties) = preSolution
		HideSolutionNode = FALSE
	EndGlobalSection
	GlobalSection(ExtensibilityGlobals) = postSolution
		SolutionGuid = {DEF1EBC9-AACF-4424-BB0A-A7E04410F9ED}
	EndGlobalSection
EndGlobal
