
Microsoft Visual Studio Solution File, Format Version 12.00
# Visual Studio Version 17
VisualStudioVersion = 17.7.34031.279
MinimumVisualStudioVersion = 10.0.40219.1
Project("{8BC9CEB8-8B4A-11D0-8D11-00A0C91BC942}") = "Demo", "Demo\Demo.vcxproj", "{D4E923A4-E016-4618-8F8E-4BCD473320CD}"
EndProject
Project("{8BC9CEB8-8B4A-11D0-8D11-00A0C91BC942}") = "Solver", "Solver\Solver.vcxproj", "{A8849FF7-1906-4EB2-8DE9-DE5DFC44CF82}"
EndProject
Project("{8BC9CEB8-8B4A-11D0-8D11-00A0C91BC942}") = "Solver.Tests", "Solver.Tests\Solver.Tests.vcxproj", "{51605B72-E17B-4323-B98A-DFC6EABB71DB}"
EndProject
Global
	GlobalSection(SolutionConfigurationPlatforms) = preSolution
		Debug|x64 = Debug|x64
		Debug|x86 = Debug|x86
		Release|x64 = Release|x64
		Release|x86 = Release|x86
	EndGlobalSection
	GlobalSection(ProjectConfigurationPlatforms) = postSolution
		{D4E923A4-E016-4618-8F8E-4BCD473320CD}.Debug|x64.ActiveCfg = Debug|x64
		{D4E923A4-E016-4618-8F8E-4BCD473320CD}.Debug|x64.Build.0 = Debug|x64
		{D4E923A4-E016-4618-8F8E-4BCD473320CD}.Debug|x86.ActiveCfg = Debug|Win32
		{D4E923A4-E016-4618-8F8E-4BCD473320CD}.Debug|x86.Build.0 = Debug|Win32
		{D4E923A4-E016-4618-8F8E-4BCD473320CD}.Release|x64.ActiveCfg = Release|x64
		{D4E923A4-E016-4618-8F8E-4BCD473320CD}.Release|x64.Build.0 = Release|x64
		{D4E923A4-E016-4618-8F8E-4BCD473320CD}.Release|x86.ActiveCfg = Release|Win32
		{D4E923A4-E016-4618-8F8E-4BCD473320CD}.Release|x86.Build.0 = Release|Win32
		{A8849FF7-1906-4EB2-8DE9-DE5DFC44CF82}.Debug|x64.ActiveCfg = Debug|x64
		{A8849FF7-1906-4EB2-8DE9-DE5DFC44CF82}.Debug|x64.Build.0 = Debug|x64
		{A8849FF7-1906-4EB2-8DE9-DE5DFC44CF82}.Debug|x86.ActiveCfg = Debug|Win32
		{A8849FF7-1906-4EB2-8DE9-DE5DFC44CF82}.Debug|x86.Build.0 = Debug|Win32
		{A8849FF7-1906-4EB2-8DE9-DE5DFC44CF82}.Release|x64.ActiveCfg = Release|x64
		{A8849FF7-1906-4EB2-8DE9-DE5DFC44CF82}.Release|x64.Build.0 = Release|x64
		{A8849FF7-1906-4EB2-8DE9-DE5DFC44CF82}.Release|x86.ActiveCfg = Release|Win32
		{A8849FF7-1906-4EB2-8DE9-DE5DFC44CF82}.Release|x86.Build.0 = Release|Win32
		{51605B72-E17B-4323-B98A-DFC6EABB71DB}.Debug|x64.ActiveCfg = Debug|x64
		{51605B72-E17B-4323-B98A-DFC6EABB71DB}.Debug|x64.Build.0 = Debug|x64
		{51605B72-E17B-4323-B98A-DFC6EABB71DB}.Debug|x86.ActiveCfg = Debug|Win32
		{51605B72-E17B-4323-B98A-DFC6EABB71DB}.Debug|x86.Build.0 = Debug|Win32
		{51605B72-E17B-4323-B98A-DFC6EABB71DB}.Release|x64.ActiveCfg = Release|x64
		{51605B72-E17B-4323-B98A-DFC6EABB71DB}.Release|x64.Build.0 = Release|x64
		{51605B72-E17B-4323-B98A-DFC6EABB71DB}.Release|x86.ActiveCfg = Release|Win32
		{51605B72-E17B-4323-B98A-DFC6EABB71DB}.Release|x86.Build.0 = Release|Win32
	EndGlobalSection
	GlobalSection(SolutionProperties) = preSolution
		HideSolutionNode = FALSE
	EndGlobalSection
	GlobalSection(ExtensibilityGlobals) = postSolution
		SolutionGuid = {81FD47D7-4ADF-43FC-80B0-9ABDB8FBA7F0}
	EndGlobalSection
EndGlobal
